
Microsoft Visual Studio Solution File, Format Version 11.00
# Visual C# Express 2010
Project("{FAE04EC0-301F-11D3-BF4B-00C04F79EFBC}") = "exemplo11_operadoresdeatribuicao", "exemplo11_operadoresdeatribuicao\exemplo11_operadoresdeatribuicao.csproj", "{A12E7680-C69C-48B9-AEF6-0B2DAFE2FCB6}"
EndProject
Global
	GlobalSection(SolutionConfigurationPlatforms) = preSolution
		Debug|x86 = Debug|x86
		Release|x86 = Release|x86
	EndGlobalSection
	GlobalSection(ProjectConfigurationPlatforms) = postSolution
		{A12E7680-C69C-48B9-AEF6-0B2DAFE2FCB6}.Debug|x86.ActiveCfg = Debug|x86
		{A12E7680-C69C-48B9-AEF6-0B2DAFE2FCB6}.Debug|x86.Build.0 = Debug|x86
		{A12E7680-C69C-48B9-AEF6-0B2DAFE2FCB6}.Release|x86.ActiveCfg = Release|x86
		{A12E7680-C69C-48B9-AEF6-0B2DAFE2FCB6}.Release|x86.Build.0 = Release|x86
	EndGlobalSection
	GlobalSection(SolutionProperties) = preSolution
		HideSolutionNode = FALSE
	EndGlobalSection
EndGlobal
