
Microsoft Visual Studio Solution File, Format Version 11.00
# Visual C# Express 2010
Project("{FAE04EC0-301F-11D3-BF4B-00C04F79EFBC}") = "exercicio2", "exercicio2\exercicio2.csproj", "{6FA3E5BB-2173-4C07-9446-F935E27A8250}"
EndProject
Global
	GlobalSection(SolutionConfigurationPlatforms) = preSolution
		Debug|x86 = Debug|x86
		Release|x86 = Release|x86
	EndGlobalSection
	GlobalSection(ProjectConfigurationPlatforms) = postSolution
		{6FA3E5BB-2173-4C07-9446-F935E27A8250}.Debug|x86.ActiveCfg = Debug|x86
		{6FA3E5BB-2173-4C07-9446-F935E27A8250}.Debug|x86.Build.0 = Debug|x86
		{6FA3E5BB-2173-4C07-9446-F935E27A8250}.Release|x86.ActiveCfg = Release|x86
		{6FA3E5BB-2173-4C07-9446-F935E27A8250}.Release|x86.Build.0 = Release|x86
	EndGlobalSection
	GlobalSection(SolutionProperties) = preSolution
		HideSolutionNode = FALSE
	EndGlobalSection
EndGlobal
